
Microsoft Visual Studio Solution File, Format Version 12.00
# Visual Studio Version 17
VisualStudioVersion = 17.13.35919.96 d17.13
MinimumVisualStudioVersion = 10.0.40219.1
Project("{FAE04EC0-301F-11D3-BF4B-00C04F79EFBC}") = "menu", "menu.csproj", "{B48789A0-5869-4687-BCC7-A3EF81F81A1A}"
EndProject
Global
	GlobalSection(SolutionConfigurationPlatforms) = preSolution
		Debug|Any CPU = Debug|Any CPU
		Release|Any CPU = Release|Any CPU
	EndGlobalSection
	GlobalSection(ProjectConfigurationPlatforms) = postSolution
		{B48789A0-5869-4687-BCC7-A3EF81F81A1A}.Debug|Any CPU.ActiveCfg = Debug|Any CPU
		{B48789A0-5869-4687-BCC7-A3EF81F81A1A}.Debug|Any CPU.Build.0 = Debug|Any CPU
		{B48789A0-5869-4687-BCC7-A3EF81F81A1A}.Release|Any CPU.ActiveCfg = Release|Any CPU
		{B48789A0-5869-4687-BCC7-A3EF81F81A1A}.Release|Any CPU.Build.0 = Release|Any CPU
	EndGlobalSection
	GlobalSection(SolutionProperties) = preSolution
		HideSolutionNode = FALSE
	EndGlobalSection
	GlobalSection(ExtensibilityGlobals) = postSolution
		SolutionGuid = {349068DC-D6A6-4823-9C1C-C91469C39877}
	EndGlobalSection
EndGlobal
